
Microsoft Visual Studio Solution File, Format Version 12.00
# Visual Studio 2012
Project("{8BC9CEB8-8B4A-11D0-8D11-00A0C91BC942}") = "Application", "Application\Application.vcxproj", "{03FF0A58-DBBB-4FF0-A490-3B41D2B4CF4C}"
EndProject
Project("{8BC9CEB8-8B4A-11D0-8D11-00A0C91BC942}") = "VolumeFilter", "VolumeFilter\VolumeFilter.vcxproj", "{CD2BFB1B-2852-494F-845C-ACC0AE12AB2D}"
EndProject
Project("{8BC9CEB8-8B4A-11D0-8D11-00A0C91BC942}") = "VolumeFilter Package", "VolumeFilter Package\VolumeFilter Package.vcxproj", "{95E3F597-7699-4725-BEB5-CBB0282F5D23}"
	ProjectSection(ProjectDependencies) = postProject
		{CD2BFB1B-2852-494F-845C-ACC0AE12AB2D} = {CD2BFB1B-2852-494F-845C-ACC0AE12AB2D}
	EndProjectSection
EndProject
Global
	GlobalSection(SolutionConfigurationPlatforms) = preSolution
		Debug|Win32 = Debug|Win32
		Debug|x64 = Debug|x64
		Release|Win32 = Release|Win32
		Release|x64 = Release|x64
		Vista Debug|Win32 = Vista Debug|Win32
		Vista Debug|x64 = Vista Debug|x64
		Vista Release|Win32 = Vista Release|Win32
		Vista Release|x64 = Vista Release|x64
		Win7 Debug|Win32 = Win7 Debug|Win32
		Win7 Debug|x64 = Win7 Debug|x64
		Win7 Release|Win32 = Win7 Release|Win32
		Win7 Release|x64 = Win7 Release|x64
		Win8 Debug|Win32 = Win8 Debug|Win32
		Win8 Debug|x64 = Win8 Debug|x64
		Win8 Release|Win32 = Win8 Release|Win32
		Win8 Release|x64 = Win8 Release|x64
	EndGlobalSection
	GlobalSection(ProjectConfigurationPlatforms) = postSolution
		{03FF0A58-DBBB-4FF0-A490-3B41D2B4CF4C}.Debug|Win32.ActiveCfg = Debug|Win32
		{03FF0A58-DBBB-4FF0-A490-3B41D2B4CF4C}.Debug|Win32.Build.0 = Debug|Win32
		{03FF0A58-DBBB-4FF0-A490-3B41D2B4CF4C}.Debug|Win32.Deploy.0 = Debug|Win32
		{03FF0A58-DBBB-4FF0-A490-3B41D2B4CF4C}.Debug|x64.ActiveCfg = Debug|x64
		{03FF0A58-DBBB-4FF0-A490-3B41D2B4CF4C}.Debug|x64.Build.0 = Debug|x64
		{03FF0A58-DBBB-4FF0-A490-3B41D2B4CF4C}.Debug|x64.Deploy.0 = Debug|x64
		{03FF0A58-DBBB-4FF0-A490-3B41D2B4CF4C}.Release|Win32.ActiveCfg = Release|Win32
		{03FF0A58-DBBB-4FF0-A490-3B41D2B4CF4C}.Release|Win32.Build.0 = Release|Win32
		{03FF0A58-DBBB-4FF0-A490-3B41D2B4CF4C}.Release|Win32.Deploy.0 = Release|Win32
		{03FF0A58-DBBB-4FF0-A490-3B41D2B4CF4C}.Release|x64.ActiveCfg = Release|x64
		{03FF0A58-DBBB-4FF0-A490-3B41D2B4CF4C}.Release|x64.Build.0 = Release|x64
		{03FF0A58-DBBB-4FF0-A490-3B41D2B4CF4C}.Release|x64.Deploy.0 = Release|x64
		{03FF0A58-DBBB-4FF0-A490-3B41D2B4CF4C}.Vista Debug|Win32.ActiveCfg = Debug|Win32
		{03FF0A58-DBBB-4FF0-A490-3B41D2B4CF4C}.Vista Debug|Win32.Build.0 = Debug|Win32
		{03FF0A58-DBBB-4FF0-A490-3B41D2B4CF4C}.Vista Debug|Win32.Deploy.0 = Debug|Win32
		{03FF0A58-DBBB-4FF0-A490-3B41D2B4CF4C}.Vista Debug|x64.ActiveCfg = Debug|x64
		{03FF0A58-DBBB-4FF0-A490-3B41D2B4CF4C}.Vista Debug|x64.Build.0 = Debug|x64
		{03FF0A58-DBBB-4FF0-A490-3B41D2B4CF4C}.Vista Debug|x64.Deploy.0 = Debug|x64
		{03FF0A58-DBBB-4FF0-A490-3B41D2B4CF4C}.Vista Release|Win32.ActiveCfg = Release|Win32
		{03FF0A58-DBBB-4FF0-A490-3B41D2B4CF4C}.Vista Release|Win32.Build.0 = Release|Win32
		{03FF0A58-DBBB-4FF0-A490-3B41D2B4CF4C}.Vista Release|Win32.Deploy.0 = Release|Win32
		{03FF0A58-DBBB-4FF0-A490-3B41D2B4CF4C}.Vista Release|x64.ActiveCfg = Release|x64
		{03FF0A58-DBBB-4FF0-A490-3B41D2B4CF4C}.Vista Release|x64.Build.0 = Release|x64
		{03FF0A58-DBBB-4FF0-A490-3B41D2B4CF4C}.Vista Release|x64.Deploy.0 = Release|x64
		{03FF0A58-DBBB-4FF0-A490-3B41D2B4CF4C}.Win7 Debug|Win32.ActiveCfg = Debug|Win32
		{03FF0A58-DBBB-4FF0-A490-3B41D2B4CF4C}.Win7 Debug|Win32.Build.0 = Debug|Win32
		{03FF0A58-DBBB-4FF0-A490-3B41D2B4CF4C}.Win7 Debug|Win32.Deploy.0 = Debug|Win32
		{03FF0A58-DBBB-4FF0-A490-3B41D2B4CF4C}.Win7 Debug|x64.ActiveCfg = Debug|x64
		{03FF0A58-DBBB-4FF0-A490-3B41D2B4CF4C}.Win7 Debug|x64.Build.0 = Debug|x64
		{03FF0A58-DBBB-4FF0-A490-3B41D2B4CF4C}.Win7 Debug|x64.Deploy.0 = Debug|x64
		{03FF0A58-DBBB-4FF0-A490-3B41D2B4CF4C}.Win7 Release|Win32.ActiveCfg = Release|Win32
		{03FF0A58-DBBB-4FF0-A490-3B41D2B4CF4C}.Win7 Release|Win32.Build.0 = Release|Win32
		{03FF0A58-DBBB-4FF0-A490-3B41D2B4CF4C}.Win7 Release|Win32.Deploy.0 = Release|Win32
		{03FF0A58-DBBB-4FF0-A490-3B41D2B4CF4C}.Win7 Release|x64.ActiveCfg = Release|x64
		{03FF0A58-DBBB-4FF0-A490-3B41D2B4CF4C}.Win7 Release|x64.Build.0 = Release|x64
		{03FF0A58-DBBB-4FF0-A490-3B41D2B4CF4C}.Win7 Release|x64.Deploy.0 = Release|x64
		{03FF0A58-DBBB-4FF0-A490-3B41D2B4CF4C}.Win8 Debug|Win32.ActiveCfg = Debug|Win32
		{03FF0A58-DBBB-4FF0-A490-3B41D2B4CF4C}.Win8 Debug|Win32.Build.0 = Debug|Win32
		{03FF0A58-DBBB-4FF0-A490-3B41D2B4CF4C}.Win8 Debug|Win32.Deploy.0 = Debug|Win32
		{03FF0A58-DBBB-4FF0-A490-3B41D2B4CF4C}.Win8 Debug|x64.ActiveCfg = Release|x64
		{03FF0A58-DBBB-4FF0-A490-3B41D2B4CF4C}.Win8 Debug|x64.Build.0 = Release|x64
		{03FF0A58-DBBB-4FF0-A490-3B41D2B4CF4C}.Win8 Debug|x64.Deploy.0 = Release|x64
		{03FF0A58-DBBB-4FF0-A490-3B41D2B4CF4C}.Win8 Release|Win32.ActiveCfg = Release|Win32
		{03FF0A58-DBBB-4FF0-A490-3B41D2B4CF4C}.Win8 Release|Win32.Build.0 = Release|Win32
		{03FF0A58-DBBB-4FF0-A490-3B41D2B4CF4C}.Win8 Release|Win32.Deploy.0 = Release|Win32
		{03FF0A58-DBBB-4FF0-A490-3B41D2B4CF4C}.Win8 Release|x64.ActiveCfg = Release|x64
		{03FF0A58-DBBB-4FF0-A490-3B41D2B4CF4C}.Win8 Release|x64.Build.0 = Release|x64
		{03FF0A58-DBBB-4FF0-A490-3B41D2B4CF4C}.Win8 Release|x64.Deploy.0 = Release|x64
		{CD2BFB1B-2852-494F-845C-ACC0AE12AB2D}.Debug|Win32.ActiveCfg = Win7 Debug|Win32
		{CD2BFB1B-2852-494F-845C-ACC0AE12AB2D}.Debug|Win32.Build.0 = Win7 Debug|Win32
		{CD2BFB1B-2852-494F-845C-ACC0AE12AB2D}.Debug|Win32.Deploy.0 = Win7 Debug|Win32
		{CD2BFB1B-2852-494F-845C-ACC0AE12AB2D}.Debug|x64.ActiveCfg = Win7 Debug|x64
		{CD2BFB1B-2852-494F-845C-ACC0AE12AB2D}.Debug|x64.Build.0 = Win7 Debug|x64
		{CD2BFB1B-2852-494F-845C-ACC0AE12AB2D}.Debug|x64.Deploy.0 = Win7 Debug|x64
		{CD2BFB1B-2852-494F-845C-ACC0AE12AB2D}.Release|Win32.ActiveCfg = Win8 Release|Win32
		{CD2BFB1B-2852-494F-845C-ACC0AE12AB2D}.Release|Win32.Build.0 = Win8 Release|Win32
		{CD2BFB1B-2852-494F-845C-ACC0AE12AB2D}.Release|Win32.Deploy.0 = Win8 Release|Win32
		{CD2BFB1B-2852-494F-845C-ACC0AE12AB2D}.Release|x64.ActiveCfg = Win8 Release|x64
		{CD2BFB1B-2852-494F-845C-ACC0AE12AB2D}.Release|x64.Build.0 = Win8 Release|x64
		{CD2BFB1B-2852-494F-845C-ACC0AE12AB2D}.Release|x64.Deploy.0 = Win8 Release|x64
		{CD2BFB1B-2852-494F-845C-ACC0AE12AB2D}.Vista Debug|Win32.ActiveCfg = Vista Debug|Win32
		{CD2BFB1B-2852-494F-845C-ACC0AE12AB2D}.Vista Debug|Win32.Build.0 = Vista Debug|Win32
		{CD2BFB1B-2852-494F-845C-ACC0AE12AB2D}.Vista Debug|Win32.Deploy.0 = Vista Debug|Win32
		{CD2BFB1B-2852-494F-845C-ACC0AE12AB2D}.Vista Debug|x64.ActiveCfg = Vista Debug|x64
		{CD2BFB1B-2852-494F-845C-ACC0AE12AB2D}.Vista Debug|x64.Build.0 = Vista Debug|x64
		{CD2BFB1B-2852-494F-845C-ACC0AE12AB2D}.Vista Debug|x64.Deploy.0 = Vista Debug|x64
		{CD2BFB1B-2852-494F-845C-ACC0AE12AB2D}.Vista Release|Win32.ActiveCfg = Vista Release|Win32
		{CD2BFB1B-2852-494F-845C-ACC0AE12AB2D}.Vista Release|Win32.Build.0 = Vista Release|Win32
		{CD2BFB1B-2852-494F-845C-ACC0AE12AB2D}.Vista Release|Win32.Deploy.0 = Vista Release|Win32
		{CD2BFB1B-2852-494F-845C-ACC0AE12AB2D}.Vista Release|x64.ActiveCfg = Vista Release|x64
		{CD2BFB1B-2852-494F-845C-ACC0AE12AB2D}.Vista Release|x64.Build.0 = Vista Release|x64
		{CD2BFB1B-2852-494F-845C-ACC0AE12AB2D}.Vista Release|x64.Deploy.0 = Vista Release|x64
		{CD2BFB1B-2852-494F-845C-ACC0AE12AB2D}.Win7 Debug|Win32.ActiveCfg = Win7 Debug|Win32
		{CD2BFB1B-2852-494F-845C-ACC0AE12AB2D}.Win7 Debug|Win32.Build.0 = Win7 Debug|Win32
		{CD2BFB1B-2852-494F-845C-ACC0AE12AB2D}.Win7 Debug|Win32.Deploy.0 = Win7 Debug|Win32
		{CD2BFB1B-2852-494F-845C-ACC0AE12AB2D}.Win7 Debug|x64.ActiveCfg = Win7 Debug|x64
		{CD2BFB1B-2852-494F-845C-ACC0AE12AB2D}.Win7 Debug|x64.Build.0 = Win7 Debug|x64
		{CD2BFB1B-2852-494F-845C-ACC0AE12AB2D}.Win7 Debug|x64.Deploy.0 = Win7 Debug|x64
		{CD2BFB1B-2852-494F-845C-ACC0AE12AB2D}.Win7 Release|Win32.ActiveCfg = Win7 Release|Win32
		{CD2BFB1B-2852-494F-845C-ACC0AE12AB2D}.Win7 Release|Win32.Build.0 = Win7 Release|Win32
		{CD2BFB1B-2852-494F-845C-ACC0AE12AB2D}.Win7 Release|Win32.Deploy.0 = Win7 Release|Win32
		{CD2BFB1B-2852-494F-845C-ACC0AE12AB2D}.Win7 Release|x64.ActiveCfg = Win7 Release|x64
		{CD2BFB1B-2852-494F-845C-ACC0AE12AB2D}.Win7 Release|x64.Build.0 = Win7 Release|x64
		{CD2BFB1B-2852-494F-845C-ACC0AE12AB2D}.Win7 Release|x64.Deploy.0 = Win7 Release|x64
		{CD2BFB1B-2852-494F-845C-ACC0AE12AB2D}.Win8 Debug|Win32.ActiveCfg = Win8 Debug|Win32
		{CD2BFB1B-2852-494F-845C-ACC0AE12AB2D}.Win8 Debug|Win32.Build.0 = Win8 Debug|Win32
		{CD2BFB1B-2852-494F-845C-ACC0AE12AB2D}.Win8 Debug|Win32.Deploy.0 = Win8 Debug|Win32
		{CD2BFB1B-2852-494F-845C-ACC0AE12AB2D}.Win8 Debug|x64.ActiveCfg = Win8 Debug|x64
		{CD2BFB1B-2852-494F-845C-ACC0AE12AB2D}.Win8 Debug|x64.Build.0 = Win8 Debug|x64
		{CD2BFB1B-2852-494F-845C-ACC0AE12AB2D}.Win8 Debug|x64.Deploy.0 = Win8 Debug|x64
		{CD2BFB1B-2852-494F-845C-ACC0AE12AB2D}.Win8 Release|Win32.ActiveCfg = Win8 Release|Win32
		{CD2BFB1B-2852-494F-845C-ACC0AE12AB2D}.Win8 Release|Win32.Build.0 = Win8 Release|Win32
		{CD2BFB1B-2852-494F-845C-ACC0AE12AB2D}.Win8 Release|Win32.Deploy.0 = Win8 Release|Win32
		{CD2BFB1B-2852-494F-845C-ACC0AE12AB2D}.Win8 Release|x64.ActiveCfg = Win8 Release|x64
		{CD2BFB1B-2852-494F-845C-ACC0AE12AB2D}.Win8 Release|x64.Build.0 = Win8 Release|x64
		{CD2BFB1B-2852-494F-845C-ACC0AE12AB2D}.Win8 Release|x64.Deploy.0 = Win8 Release|x64
		{95E3F597-7699-4725-BEB5-CBB0282F5D23}.Debug|Win32.ActiveCfg = Win7 Debug|Win32
		{95E3F597-7699-4725-BEB5-CBB0282F5D23}.Debug|Win32.Build.0 = Win7 Debug|Win32
		{95E3F597-7699-4725-BEB5-CBB0282F5D23}.Debug|Win32.Deploy.0 = Win7 Debug|Win32
		{95E3F597-7699-4725-BEB5-CBB0282F5D23}.Debug|x64.ActiveCfg = Win7 Debug|x64
		{95E3F597-7699-4725-BEB5-CBB0282F5D23}.Debug|x64.Build.0 = Win7 Debug|x64
		{95E3F597-7699-4725-BEB5-CBB0282F5D23}.Debug|x64.Deploy.0 = Win7 Debug|x64
		{95E3F597-7699-4725-BEB5-CBB0282F5D23}.Release|Win32.ActiveCfg = Win8 Release|Win32
		{95E3F597-7699-4725-BEB5-CBB0282F5D23}.Release|Win32.Build.0 = Win8 Release|Win32
		{95E3F597-7699-4725-BEB5-CBB0282F5D23}.Release|Win32.Deploy.0 = Win8 Release|Win32
		{95E3F597-7699-4725-BEB5-CBB0282F5D23}.Release|x64.ActiveCfg = Win8 Release|x64
		{95E3F597-7699-4725-BEB5-CBB0282F5D23}.Release|x64.Build.0 = Win8 Release|x64
		{95E3F597-7699-4725-BEB5-CBB0282F5D23}.Release|x64.Deploy.0 = Win8 Release|x64
		{95E3F597-7699-4725-BEB5-CBB0282F5D23}.Vista Debug|Win32.ActiveCfg = Vista Debug|Win32
		{95E3F597-7699-4725-BEB5-CBB0282F5D23}.Vista Debug|Win32.Build.0 = Vista Debug|Win32
		{95E3F597-7699-4725-BEB5-CBB0282F5D23}.Vista Debug|Win32.Deploy.0 = Vista Debug|Win32
		{95E3F597-7699-4725-BEB5-CBB0282F5D23}.Vista Debug|x64.ActiveCfg = Vista Debug|x64
		{95E3F597-7699-4725-BEB5-CBB0282F5D23}.Vista Debug|x64.Build.0 = Vista Debug|x64
		{95E3F597-7699-4725-BEB5-CBB0282F5D23}.Vista Debug|x64.Deploy.0 = Vista Debug|x64
		{95E3F597-7699-4725-BEB5-CBB0282F5D23}.Vista Release|Win32.ActiveCfg = Vista Release|Win32
		{95E3F597-7699-4725-BEB5-CBB0282F5D23}.Vista Release|Win32.Build.0 = Vista Release|Win32
		{95E3F597-7699-4725-BEB5-CBB0282F5D23}.Vista Release|Win32.Deploy.0 = Vista Release|Win32
		{95E3F597-7699-4725-BEB5-CBB0282F5D23}.Vista Release|x64.ActiveCfg = Vista Release|x64
		{95E3F597-7699-4725-BEB5-CBB0282F5D23}.Vista Release|x64.Build.0 = Vista Release|x64
		{95E3F597-7699-4725-BEB5-CBB0282F5D23}.Vista Release|x64.Deploy.0 = Vista Release|x64
		{95E3F597-7699-4725-BEB5-CBB0282F5D23}.Win7 Debug|Win32.ActiveCfg = Win7 Debug|Win32
		{95E3F597-7699-4725-BEB5-CBB0282F5D23}.Win7 Debug|Win32.Build.0 = Win7 Debug|Win32
		{95E3F597-7699-4725-BEB5-CBB0282F5D23}.Win7 Debug|Win32.Deploy.0 = Win7 Debug|Win32
		{95E3F597-7699-4725-BEB5-CBB0282F5D23}.Win7 Debug|x64.ActiveCfg = Win7 Debug|x64
		{95E3F597-7699-4725-BEB5-CBB0282F5D23}.Win7 Debug|x64.Build.0 = Win7 Debug|x64
		{95E3F597-7699-4725-BEB5-CBB0282F5D23}.Win7 Debug|x64.Deploy.0 = Win7 Debug|x64
		{95E3F597-7699-4725-BEB5-CBB0282F5D23}.Win7 Release|Win32.ActiveCfg = Win7 Release|Win32
		{95E3F597-7699-4725-BEB5-CBB0282F5D23}.Win7 Release|Win32.Build.0 = Win7 Release|Win32
		{95E3F597-7699-4725-BEB5-CBB0282F5D23}.Win7 Release|Win32.Deploy.0 = Win7 Release|Win32
		{95E3F597-7699-4725-BEB5-CBB0282F5D23}.Win7 Release|x64.ActiveCfg = Win7 Release|x64
		{95E3F597-7699-4725-BEB5-CBB0282F5D23}.Win7 Release|x64.Build.0 = Win7 Release|x64
		{95E3F597-7699-4725-BEB5-CBB0282F5D23}.Win7 Release|x64.Deploy.0 = Win7 Release|x64
		{95E3F597-7699-4725-BEB5-CBB0282F5D23}.Win8 Debug|Win32.ActiveCfg = Win8 Debug|Win32
		{95E3F597-7699-4725-BEB5-CBB0282F5D23}.Win8 Debug|Win32.Build.0 = Win8 Debug|Win32
		{95E3F597-7699-4725-BEB5-CBB0282F5D23}.Win8 Debug|Win32.Deploy.0 = Win8 Debug|Win32
		{95E3F597-7699-4725-BEB5-CBB0282F5D23}.Win8 Debug|x64.ActiveCfg = Win8 Debug|x64
		{95E3F597-7699-4725-BEB5-CBB0282F5D23}.Win8 Debug|x64.Build.0 = Win8 Debug|x64
		{95E3F597-7699-4725-BEB5-CBB0282F5D23}.Win8 Debug|x64.Deploy.0 = Win8 Debug|x64
		{95E3F597-7699-4725-BEB5-CBB0282F5D23}.Win8 Release|Win32.ActiveCfg = Win8 Release|Win32
		{95E3F597-7699-4725-BEB5-CBB0282F5D23}.Win8 Release|Win32.Build.0 = Win8 Release|Win32
		{95E3F597-7699-4725-BEB5-CBB0282F5D23}.Win8 Release|Win32.Deploy.0 = Win8 Release|Win32
		{95E3F597-7699-4725-BEB5-CBB0282F5D23}.Win8 Release|x64.ActiveCfg = Win8 Release|x64
		{95E3F597-7699-4725-BEB5-CBB0282F5D23}.Win8 Release|x64.Build.0 = Win8 Release|x64
		{95E3F597-7699-4725-BEB5-CBB0282F5D23}.Win8 Release|x64.Deploy.0 = Win8 Release|x64
	EndGlobalSection
	GlobalSection(SolutionProperties) = preSolution
		HideSolutionNode = FALSE
	EndGlobalSection
EndGlobal
